
Microsoft Visual Studio Solution File, Format Version 12.00
# Visual Studio 15
VisualStudioVersion = 15.0.26430.16
MinimumVisualStudioVersion = 10.0.40219.1
Project("{FAE04EC0-301F-11D3-BF4B-00C04F79EFBC}") = "Shipwreck.Web.Rfc", "Shipwreck.Web.Rfc\Shipwreck.Web.Rfc.csproj", "{6FE17205-2F5A-420B-8FB1-2BA48BE3CF95}"
EndProject
Global
	GlobalSection(SolutionConfigurationPlatforms) = preSolution
		Debug|Any CPU = Debug|Any CPU
		Release|Any CPU = Release|Any CPU
	EndGlobalSection
	GlobalSection(ProjectConfigurationPlatforms) = postSolution
		{6FE17205-2F5A-420B-8FB1-2BA48BE3CF95}.Debug|Any CPU.ActiveCfg = Debug|Any CPU
		{6FE17205-2F5A-420B-8FB1-2BA48BE3CF95}.Debug|Any CPU.Build.0 = Debug|Any CPU
		{6FE17205-2F5A-420B-8FB1-2BA48BE3CF95}.Release|Any CPU.ActiveCfg = Release|Any CPU
		{6FE17205-2F5A-420B-8FB1-2BA48BE3CF95}.Release|Any CPU.Build.0 = Release|Any CPU
	EndGlobalSection
	GlobalSection(SolutionProperties) = preSolution
		HideSolutionNode = FALSE
	EndGlobalSection
EndGlobal
